
Microsoft Visual Studio Solution File, Format Version 12.00
# Visual Studio Version 17
VisualStudioVersion = 17.11.35312.102
MinimumVisualStudioVersion = 10.0.40219.1
Project("{9A19103F-16F7-4668-BE54-9A1E7A4F7556}") = "FileImportAPI", "FileImportAPI.csproj", "{0AE28F65-1FB5-400B-81A1-B4B303A0E1AD}"
EndProject
Project("{FAE04EC0-301F-11D3-BF4B-00C04F79EFBC}") = "FileImportAPI.Tests", "..\FileImportAPI.Tests\FileImportAPI.Tests.csproj", "{0DC12DC5-083C-45ED-B2E4-C4D4789DA17D}"
EndProject
Global
	GlobalSection(SolutionConfigurationPlatforms) = preSolution
		Debug|Any CPU = Debug|Any CPU
		Release|Any CPU = Release|Any CPU
	EndGlobalSection
	GlobalSection(ProjectConfigurationPlatforms) = postSolution
		{0AE28F65-1FB5-400B-81A1-B4B303A0E1AD}.Debug|Any CPU.ActiveCfg = Debug|Any CPU
		{0AE28F65-1FB5-400B-81A1-B4B303A0E1AD}.Debug|Any CPU.Build.0 = Debug|Any CPU
		{0AE28F65-1FB5-400B-81A1-B4B303A0E1AD}.Release|Any CPU.ActiveCfg = Release|Any CPU
		{0AE28F65-1FB5-400B-81A1-B4B303A0E1AD}.Release|Any CPU.Build.0 = Release|Any CPU
		{0DC12DC5-083C-45ED-B2E4-C4D4789DA17D}.Debug|Any CPU.ActiveCfg = Debug|Any CPU
		{0DC12DC5-083C-45ED-B2E4-C4D4789DA17D}.Debug|Any CPU.Build.0 = Debug|Any CPU
		{0DC12DC5-083C-45ED-B2E4-C4D4789DA17D}.Release|Any CPU.ActiveCfg = Release|Any CPU
		{0DC12DC5-083C-45ED-B2E4-C4D4789DA17D}.Release|Any CPU.Build.0 = Release|Any CPU
	EndGlobalSection
	GlobalSection(SolutionProperties) = preSolution
		HideSolutionNode = FALSE
	EndGlobalSection
	GlobalSection(ExtensibilityGlobals) = postSolution
		SolutionGuid = {A6179312-E23B-4946-83BF-28F8CA6BFCC9}
	EndGlobalSection
EndGlobal
